
Microsoft Visual Studio Solution File, Format Version 12.00
# Visual Studio Version 16
VisualStudioVersion = 16.0.32228.343
MinimumVisualStudioVersion = 10.0.40219.1
Project("{FAE04EC0-301F-11D3-BF4B-00C04F79EFBC}") = "Food Court Management System", "Food Court Management System\Food Court Management System.csproj", "{9EB57405-2F9B-4072-A42E-60EA110CB0C3}"
EndProject
Global
	GlobalSection(SolutionConfigurationPlatforms) = preSolution
		Debug|Any CPU = Debug|Any CPU
		Release|Any CPU = Release|Any CPU
	EndGlobalSection
	GlobalSection(ProjectConfigurationPlatforms) = postSolution
		{9EB57405-2F9B-4072-A42E-60EA110CB0C3}.Debug|Any CPU.ActiveCfg = Debug|Any CPU
		{9EB57405-2F9B-4072-A42E-60EA110CB0C3}.Debug|Any CPU.Build.0 = Debug|Any CPU
		{9EB57405-2F9B-4072-A42E-60EA110CB0C3}.Release|Any CPU.ActiveCfg = Release|Any CPU
		{9EB57405-2F9B-4072-A42E-60EA110CB0C3}.Release|Any CPU.Build.0 = Release|Any CPU
	EndGlobalSection
	GlobalSection(SolutionProperties) = preSolution
		HideSolutionNode = FALSE
	EndGlobalSection
	GlobalSection(ExtensibilityGlobals) = postSolution
		SolutionGuid = {F3CAF4F3-092A-4F9D-89E6-B0E66BBB50A2}
	EndGlobalSection
EndGlobal
